
Microsoft Visual Studio Solution File, Format Version 12.00
# Visual Studio Version 17
VisualStudioVersion = 17.14.36212.18
MinimumVisualStudioVersion = 10.0.40219.1
Project("{2150E333-8FDC-42A3-9474-1A3956D46DE8}") = "Basics", "Basics", "{02EA681E-C7D8-13C7-8484-4AC65E1B71E8}"
EndProject
Project("{FAE04EC0-301F-11D3-BF4B-00C04F79EFBC}") = "Basics", "Basics\Basics\Basics.csproj", "{FBD18A3E-F92E-158B-F47E-B39810831A40}"
EndProject
Project("{FAE04EC0-301F-11D3-BF4B-00C04F79EFBC}") = "Database", "Basics\Database\Database.csproj", "{4C13ACEB-457E-5BA7-D1F4-0E5E969F9650}"
EndProject
Project("{FAE04EC0-301F-11D3-BF4B-00C04F79EFBC}") = "JWTBearer", "Basics\JWTBearer\JWTBearer.csproj", "{14BD4045-1B2C-FEA0-F797-4A4BBFA878FB}"
EndProject
Project("{FAE04EC0-301F-11D3-BF4B-00C04F79EFBC}") = "Role", "Basics\Role\Role.csproj", "{50AF310D-B628-33B5-8BD6-6F0E9CCB752D}"
EndProject
Project("{FAE04EC0-301F-11D3-BF4B-00C04F79EFBC}") = "Role2", "Basics\Role2\Role2.csproj", "{6A27C02C-5A1D-BFE6-FC79-DD2A40FD3FDD}"
EndProject
Project("{2150E333-8FDC-42A3-9474-1A3956D46DE8}") = "IS", "IS", "{1B750133-C06E-4150-9D41-66C81AEEF5C8}"
EndProject
Project("{FAE04EC0-301F-11D3-BF4B-00C04F79EFBC}") = "IdentityServer", "IS\IdentityServer\IdentityServer.csproj", "{12590106-B13B-AF52-A272-F4AF64A47312}"
EndProject
Project("{FAE04EC0-301F-11D3-BF4B-00C04F79EFBC}") = "OrdersAPI", "IS\OrdersAPI\OrdersAPI.csproj", "{242EA2B7-3ABA-7416-F341-35588753A000}"
EndProject
Project("{FAE04EC0-301F-11D3-BF4B-00C04F79EFBC}") = "UsersAPI", "IS\UsersAPI\UsersAPI.csproj", "{F78C84DF-14E7-AEAB-6D06-17D9B2678CB7}"
EndProject
Project("{FAE04EC0-301F-11D3-BF4B-00C04F79EFBC}") = "ClientMVC", "IS\ClientMVC\ClientMVC.csproj", "{DA323F13-178E-3D93-60AD-BA9F3395B066}"
EndProject
Project("{FAE04EC0-301F-11D3-BF4B-00C04F79EFBC}") = "IdentityServerAPI", "IS\IdentityServerAPI\IdentityServerAPI.csproj", "{F74D9125-9201-4823-B81C-C002A510F953}"
EndProject
Project("{FAE04EC0-301F-11D3-BF4B-00C04F79EFBC}") = "CryptographyX509Certificates", "IS\CryptographyX509Certificates\CryptographyX509Certificates.csproj", "{9EC4AE0A-46E3-445E-9BED-289B8696A2DF}"
EndProject
Project("{FAE04EC0-301F-11D3-BF4B-00C04F79EFBC}") = "BlazorAU", "Basics\BlazorAU\BlazorAU.csproj", "{DEBB4211-8002-5C4D-9F93-E7BFCEE9998C}"
EndProject
Project("{2150E333-8FDC-42A3-9474-1A3956D46DE8}") = "Blazors", "Blazors", "{71BF2655-CDB9-4385-B749-DB3BA900AB30}"
EndProject
Project("{FAE04EC0-301F-11D3-BF4B-00C04F79EFBC}") = "BlazorUI", "Blazors\BlazorUI\BlazorUI.csproj", "{AB79686F-E6CC-4C7F-A815-38C9688E78AC}"
EndProject
Project("{FAE04EC0-301F-11D3-BF4B-00C04F79EFBC}") = "BlazorIS", "Blazors\BlazorIS\BlazorIS.csproj", "{7CE510C2-6AA3-4C9A-AE37-ED7340393FFA}"
EndProject
Global
	GlobalSection(SolutionConfigurationPlatforms) = preSolution
		Debug|Any CPU = Debug|Any CPU
		Release|Any CPU = Release|Any CPU
	EndGlobalSection
	GlobalSection(ProjectConfigurationPlatforms) = postSolution
		{FBD18A3E-F92E-158B-F47E-B39810831A40}.Debug|Any CPU.ActiveCfg = Debug|Any CPU
		{FBD18A3E-F92E-158B-F47E-B39810831A40}.Debug|Any CPU.Build.0 = Debug|Any CPU
		{FBD18A3E-F92E-158B-F47E-B39810831A40}.Release|Any CPU.ActiveCfg = Release|Any CPU
		{FBD18A3E-F92E-158B-F47E-B39810831A40}.Release|Any CPU.Build.0 = Release|Any CPU
		{4C13ACEB-457E-5BA7-D1F4-0E5E969F9650}.Debug|Any CPU.ActiveCfg = Debug|Any CPU
		{4C13ACEB-457E-5BA7-D1F4-0E5E969F9650}.Debug|Any CPU.Build.0 = Debug|Any CPU
		{4C13ACEB-457E-5BA7-D1F4-0E5E969F9650}.Release|Any CPU.ActiveCfg = Release|Any CPU
		{4C13ACEB-457E-5BA7-D1F4-0E5E969F9650}.Release|Any CPU.Build.0 = Release|Any CPU
		{14BD4045-1B2C-FEA0-F797-4A4BBFA878FB}.Debug|Any CPU.ActiveCfg = Debug|Any CPU
		{14BD4045-1B2C-FEA0-F797-4A4BBFA878FB}.Debug|Any CPU.Build.0 = Debug|Any CPU
		{14BD4045-1B2C-FEA0-F797-4A4BBFA878FB}.Release|Any CPU.ActiveCfg = Release|Any CPU
		{14BD4045-1B2C-FEA0-F797-4A4BBFA878FB}.Release|Any CPU.Build.0 = Release|Any CPU
		{50AF310D-B628-33B5-8BD6-6F0E9CCB752D}.Debug|Any CPU.ActiveCfg = Debug|Any CPU
		{50AF310D-B628-33B5-8BD6-6F0E9CCB752D}.Debug|Any CPU.Build.0 = Debug|Any CPU
		{50AF310D-B628-33B5-8BD6-6F0E9CCB752D}.Release|Any CPU.ActiveCfg = Release|Any CPU
		{50AF310D-B628-33B5-8BD6-6F0E9CCB752D}.Release|Any CPU.Build.0 = Release|Any CPU
		{6A27C02C-5A1D-BFE6-FC79-DD2A40FD3FDD}.Debug|Any CPU.ActiveCfg = Debug|Any CPU
		{6A27C02C-5A1D-BFE6-FC79-DD2A40FD3FDD}.Debug|Any CPU.Build.0 = Debug|Any CPU
		{6A27C02C-5A1D-BFE6-FC79-DD2A40FD3FDD}.Release|Any CPU.ActiveCfg = Release|Any CPU
		{6A27C02C-5A1D-BFE6-FC79-DD2A40FD3FDD}.Release|Any CPU.Build.0 = Release|Any CPU
		{12590106-B13B-AF52-A272-F4AF64A47312}.Debug|Any CPU.ActiveCfg = Debug|Any CPU
		{12590106-B13B-AF52-A272-F4AF64A47312}.Debug|Any CPU.Build.0 = Debug|Any CPU
		{12590106-B13B-AF52-A272-F4AF64A47312}.Release|Any CPU.ActiveCfg = Release|Any CPU
		{12590106-B13B-AF52-A272-F4AF64A47312}.Release|Any CPU.Build.0 = Release|Any CPU
		{242EA2B7-3ABA-7416-F341-35588753A000}.Debug|Any CPU.ActiveCfg = Debug|Any CPU
		{242EA2B7-3ABA-7416-F341-35588753A000}.Debug|Any CPU.Build.0 = Debug|Any CPU
		{242EA2B7-3ABA-7416-F341-35588753A000}.Release|Any CPU.ActiveCfg = Release|Any CPU
		{242EA2B7-3ABA-7416-F341-35588753A000}.Release|Any CPU.Build.0 = Release|Any CPU
		{F78C84DF-14E7-AEAB-6D06-17D9B2678CB7}.Debug|Any CPU.ActiveCfg = Debug|Any CPU
		{F78C84DF-14E7-AEAB-6D06-17D9B2678CB7}.Debug|Any CPU.Build.0 = Debug|Any CPU
		{F78C84DF-14E7-AEAB-6D06-17D9B2678CB7}.Release|Any CPU.ActiveCfg = Release|Any CPU
		{F78C84DF-14E7-AEAB-6D06-17D9B2678CB7}.Release|Any CPU.Build.0 = Release|Any CPU
		{DA323F13-178E-3D93-60AD-BA9F3395B066}.Debug|Any CPU.ActiveCfg = Debug|Any CPU
		{DA323F13-178E-3D93-60AD-BA9F3395B066}.Debug|Any CPU.Build.0 = Debug|Any CPU
		{DA323F13-178E-3D93-60AD-BA9F3395B066}.Release|Any CPU.ActiveCfg = Release|Any CPU
		{DA323F13-178E-3D93-60AD-BA9F3395B066}.Release|Any CPU.Build.0 = Release|Any CPU
		{F74D9125-9201-4823-B81C-C002A510F953}.Debug|Any CPU.ActiveCfg = Debug|Any CPU
		{F74D9125-9201-4823-B81C-C002A510F953}.Debug|Any CPU.Build.0 = Debug|Any CPU
		{F74D9125-9201-4823-B81C-C002A510F953}.Release|Any CPU.ActiveCfg = Release|Any CPU
		{F74D9125-9201-4823-B81C-C002A510F953}.Release|Any CPU.Build.0 = Release|Any CPU
		{9EC4AE0A-46E3-445E-9BED-289B8696A2DF}.Debug|Any CPU.ActiveCfg = Debug|Any CPU
		{9EC4AE0A-46E3-445E-9BED-289B8696A2DF}.Debug|Any CPU.Build.0 = Debug|Any CPU
		{9EC4AE0A-46E3-445E-9BED-289B8696A2DF}.Release|Any CPU.ActiveCfg = Release|Any CPU
		{9EC4AE0A-46E3-445E-9BED-289B8696A2DF}.Release|Any CPU.Build.0 = Release|Any CPU
		{DEBB4211-8002-5C4D-9F93-E7BFCEE9998C}.Debug|Any CPU.ActiveCfg = Debug|Any CPU
		{DEBB4211-8002-5C4D-9F93-E7BFCEE9998C}.Debug|Any CPU.Build.0 = Debug|Any CPU
		{DEBB4211-8002-5C4D-9F93-E7BFCEE9998C}.Release|Any CPU.ActiveCfg = Release|Any CPU
		{DEBB4211-8002-5C4D-9F93-E7BFCEE9998C}.Release|Any CPU.Build.0 = Release|Any CPU
		{AB79686F-E6CC-4C7F-A815-38C9688E78AC}.Debug|Any CPU.ActiveCfg = Debug|Any CPU
		{AB79686F-E6CC-4C7F-A815-38C9688E78AC}.Debug|Any CPU.Build.0 = Debug|Any CPU
		{AB79686F-E6CC-4C7F-A815-38C9688E78AC}.Release|Any CPU.ActiveCfg = Release|Any CPU
		{AB79686F-E6CC-4C7F-A815-38C9688E78AC}.Release|Any CPU.Build.0 = Release|Any CPU
		{7CE510C2-6AA3-4C9A-AE37-ED7340393FFA}.Debug|Any CPU.ActiveCfg = Debug|Any CPU
		{7CE510C2-6AA3-4C9A-AE37-ED7340393FFA}.Debug|Any CPU.Build.0 = Debug|Any CPU
		{7CE510C2-6AA3-4C9A-AE37-ED7340393FFA}.Release|Any CPU.ActiveCfg = Release|Any CPU
		{7CE510C2-6AA3-4C9A-AE37-ED7340393FFA}.Release|Any CPU.Build.0 = Release|Any CPU
	EndGlobalSection
	GlobalSection(SolutionProperties) = preSolution
		HideSolutionNode = FALSE
	EndGlobalSection
	GlobalSection(NestedProjects) = preSolution
		{FBD18A3E-F92E-158B-F47E-B39810831A40} = {02EA681E-C7D8-13C7-8484-4AC65E1B71E8}
		{4C13ACEB-457E-5BA7-D1F4-0E5E969F9650} = {02EA681E-C7D8-13C7-8484-4AC65E1B71E8}
		{14BD4045-1B2C-FEA0-F797-4A4BBFA878FB} = {02EA681E-C7D8-13C7-8484-4AC65E1B71E8}
		{50AF310D-B628-33B5-8BD6-6F0E9CCB752D} = {02EA681E-C7D8-13C7-8484-4AC65E1B71E8}
		{6A27C02C-5A1D-BFE6-FC79-DD2A40FD3FDD} = {02EA681E-C7D8-13C7-8484-4AC65E1B71E8}
		{12590106-B13B-AF52-A272-F4AF64A47312} = {1B750133-C06E-4150-9D41-66C81AEEF5C8}
		{242EA2B7-3ABA-7416-F341-35588753A000} = {1B750133-C06E-4150-9D41-66C81AEEF5C8}
		{F78C84DF-14E7-AEAB-6D06-17D9B2678CB7} = {1B750133-C06E-4150-9D41-66C81AEEF5C8}
		{DA323F13-178E-3D93-60AD-BA9F3395B066} = {1B750133-C06E-4150-9D41-66C81AEEF5C8}
		{F74D9125-9201-4823-B81C-C002A510F953} = {1B750133-C06E-4150-9D41-66C81AEEF5C8}
		{9EC4AE0A-46E3-445E-9BED-289B8696A2DF} = {1B750133-C06E-4150-9D41-66C81AEEF5C8}
		{DEBB4211-8002-5C4D-9F93-E7BFCEE9998C} = {02EA681E-C7D8-13C7-8484-4AC65E1B71E8}
		{AB79686F-E6CC-4C7F-A815-38C9688E78AC} = {71BF2655-CDB9-4385-B749-DB3BA900AB30}
		{7CE510C2-6AA3-4C9A-AE37-ED7340393FFA} = {71BF2655-CDB9-4385-B749-DB3BA900AB30}
	EndGlobalSection
	GlobalSection(ExtensibilityGlobals) = postSolution
		SolutionGuid = {B86D390B-6861-485C-82F5-37E6F4E5798D}
	EndGlobalSection
EndGlobal
