
Microsoft Visual Studio Solution File, Format Version 12.00
# Visual Studio Version 17
VisualStudioVersion = 17.14.36212.18 d17.14
MinimumVisualStudioVersion = 10.0.40219.1
Project("{FAE04EC0-301F-11D3-BF4B-00C04F79EFBC}") = "Basics", "Basics\Basics.csproj", "{C4E32743-2D7B-2ECC-6276-ED7BF53ABE36}"
EndProject
Project("{FAE04EC0-301F-11D3-BF4B-00C04F79EFBC}") = "Role", "Role\Role.csproj", "{72573752-94C5-4558-1D66-212559EAEE5B}"
EndProject
Project("{FAE04EC0-301F-11D3-BF4B-00C04F79EFBC}") = "Role2", "Role2\Role2.csproj", "{307AFC19-DB1F-51A7-9BC6-CF6F0A7B49CF}"
EndProject
Project("{FAE04EC0-301F-11D3-BF4B-00C04F79EFBC}") = "Database", "Database\Database.csproj", "{5D2C7CAA-D63E-7440-65F5-3727EF6D6D5B}"
EndProject
Global
	GlobalSection(SolutionConfigurationPlatforms) = preSolution
		Debug|Any CPU = Debug|Any CPU
		Release|Any CPU = Release|Any CPU
	EndGlobalSection
	GlobalSection(ProjectConfigurationPlatforms) = postSolution
		{C4E32743-2D7B-2ECC-6276-ED7BF53ABE36}.Debug|Any CPU.ActiveCfg = Debug|Any CPU
		{C4E32743-2D7B-2ECC-6276-ED7BF53ABE36}.Debug|Any CPU.Build.0 = Debug|Any CPU
		{C4E32743-2D7B-2ECC-6276-ED7BF53ABE36}.Release|Any CPU.ActiveCfg = Release|Any CPU
		{C4E32743-2D7B-2ECC-6276-ED7BF53ABE36}.Release|Any CPU.Build.0 = Release|Any CPU
		{72573752-94C5-4558-1D66-212559EAEE5B}.Debug|Any CPU.ActiveCfg = Debug|Any CPU
		{72573752-94C5-4558-1D66-212559EAEE5B}.Debug|Any CPU.Build.0 = Debug|Any CPU
		{72573752-94C5-4558-1D66-212559EAEE5B}.Release|Any CPU.ActiveCfg = Release|Any CPU
		{72573752-94C5-4558-1D66-212559EAEE5B}.Release|Any CPU.Build.0 = Release|Any CPU
		{307AFC19-DB1F-51A7-9BC6-CF6F0A7B49CF}.Debug|Any CPU.ActiveCfg = Debug|Any CPU
		{307AFC19-DB1F-51A7-9BC6-CF6F0A7B49CF}.Debug|Any CPU.Build.0 = Debug|Any CPU
		{307AFC19-DB1F-51A7-9BC6-CF6F0A7B49CF}.Release|Any CPU.ActiveCfg = Release|Any CPU
		{307AFC19-DB1F-51A7-9BC6-CF6F0A7B49CF}.Release|Any CPU.Build.0 = Release|Any CPU
		{5D2C7CAA-D63E-7440-65F5-3727EF6D6D5B}.Debug|Any CPU.ActiveCfg = Debug|Any CPU
		{5D2C7CAA-D63E-7440-65F5-3727EF6D6D5B}.Debug|Any CPU.Build.0 = Debug|Any CPU
		{5D2C7CAA-D63E-7440-65F5-3727EF6D6D5B}.Release|Any CPU.ActiveCfg = Release|Any CPU
		{5D2C7CAA-D63E-7440-65F5-3727EF6D6D5B}.Release|Any CPU.Build.0 = Release|Any CPU
	EndGlobalSection
	GlobalSection(SolutionProperties) = preSolution
		HideSolutionNode = FALSE
	EndGlobalSection
	GlobalSection(ExtensibilityGlobals) = postSolution
		SolutionGuid = {B86D390B-6861-485C-82F5-37E6F4E5798D}
	EndGlobalSection
EndGlobal
